
Microsoft Visual Studio Solution File, Format Version 12.00
# Visual Studio 15
VisualStudioVersion = 15.0.27703.2047
MinimumVisualStudioVersion = 10.0.40219.1
Project("{888888A0-9F3D-457C-B088-3A5042F75D52}") = "cut_image", "cut_image\cut_image.pyproj", "{EA357469-A61E-41B9-A077-FA2AD4422E2D}"
EndProject
Global
	GlobalSection(SolutionConfigurationPlatforms) = preSolution
		Debug|Any CPU = Debug|Any CPU
		Release|Any CPU = Release|Any CPU
	EndGlobalSection
	GlobalSection(ProjectConfigurationPlatforms) = postSolution
		{EA357469-A61E-41B9-A077-FA2AD4422E2D}.Debug|Any CPU.ActiveCfg = Debug|Any CPU
		{EA357469-A61E-41B9-A077-FA2AD4422E2D}.Release|Any CPU.ActiveCfg = Release|Any CPU
	EndGlobalSection
	GlobalSection(SolutionProperties) = preSolution
		HideSolutionNode = FALSE
	EndGlobalSection
	GlobalSection(ExtensibilityGlobals) = postSolution
		SolutionGuid = {A6A0310A-C7BB-4DF6-A272-7C3658003A67}
	EndGlobalSection
EndGlobal
